
Microsoft Visual Studio Solution File, Format Version 12.00
# Visual Studio 15
VisualStudioVersion = 15.0.28010.2003
MinimumVisualStudioVersion = 10.0.40219.1
Project("{FAE04EC0-301F-11D3-BF4B-00C04F79EFBC}") = "IoCContainerDemo", "IoCContainerDemo\IoCContainerDemo.csproj", "{5269B634-484A-4C41-9E6F-EF8ED2A86644}"
EndProject
Project("{FAE04EC0-301F-11D3-BF4B-00C04F79EFBC}") = "UnityIoC", "UnityIoC\UnityIoC.csproj", "{6D3065A7-D824-45A9-96E2-83B4F54F87B8}"
	ProjectSection(ProjectDependencies) = postProject
		{5269B634-484A-4C41-9E6F-EF8ED2A86644} = {5269B634-484A-4C41-9E6F-EF8ED2A86644}
	EndProjectSection
EndProject
Project("{FAE04EC0-301F-11D3-BF4B-00C04F79EFBC}") = "CastleIoC", "CastleIoC\CastleIoC.csproj", "{E05F43F2-67DF-415C-9CBF-92802DCDBD55}"
EndProject
Project("{FAE04EC0-301F-11D3-BF4B-00C04F79EFBC}") = "StructureMapIoC", "StructureMapIoC\StructureMapIoC.csproj", "{80C57351-FF99-4E46-856F-B8BB2FE62322}"
EndProject
Project("{FAE04EC0-301F-11D3-BF4B-00C04F79EFBC}") = "NinjectIoC", "NinjectIoC\NinjectIoC.csproj", "{E2BCB416-9195-4D71-826E-9CD2F00CE264}"
EndProject
Global
	GlobalSection(SolutionConfigurationPlatforms) = preSolution
		Debug|Any CPU = Debug|Any CPU
		Release|Any CPU = Release|Any CPU
	EndGlobalSection
	GlobalSection(ProjectConfigurationPlatforms) = postSolution
		{5269B634-484A-4C41-9E6F-EF8ED2A86644}.Debug|Any CPU.ActiveCfg = Debug|Any CPU
		{5269B634-484A-4C41-9E6F-EF8ED2A86644}.Debug|Any CPU.Build.0 = Debug|Any CPU
		{5269B634-484A-4C41-9E6F-EF8ED2A86644}.Release|Any CPU.ActiveCfg = Release|Any CPU
		{5269B634-484A-4C41-9E6F-EF8ED2A86644}.Release|Any CPU.Build.0 = Release|Any CPU
		{6D3065A7-D824-45A9-96E2-83B4F54F87B8}.Debug|Any CPU.ActiveCfg = Debug|Any CPU
		{6D3065A7-D824-45A9-96E2-83B4F54F87B8}.Debug|Any CPU.Build.0 = Debug|Any CPU
		{6D3065A7-D824-45A9-96E2-83B4F54F87B8}.Release|Any CPU.ActiveCfg = Release|Any CPU
		{6D3065A7-D824-45A9-96E2-83B4F54F87B8}.Release|Any CPU.Build.0 = Release|Any CPU
		{E05F43F2-67DF-415C-9CBF-92802DCDBD55}.Debug|Any CPU.ActiveCfg = Debug|Any CPU
		{E05F43F2-67DF-415C-9CBF-92802DCDBD55}.Debug|Any CPU.Build.0 = Debug|Any CPU
		{E05F43F2-67DF-415C-9CBF-92802DCDBD55}.Release|Any CPU.ActiveCfg = Release|Any CPU
		{E05F43F2-67DF-415C-9CBF-92802DCDBD55}.Release|Any CPU.Build.0 = Release|Any CPU
		{80C57351-FF99-4E46-856F-B8BB2FE62322}.Debug|Any CPU.ActiveCfg = Debug|Any CPU
		{80C57351-FF99-4E46-856F-B8BB2FE62322}.Debug|Any CPU.Build.0 = Debug|Any CPU
		{80C57351-FF99-4E46-856F-B8BB2FE62322}.Release|Any CPU.ActiveCfg = Release|Any CPU
		{80C57351-FF99-4E46-856F-B8BB2FE62322}.Release|Any CPU.Build.0 = Release|Any CPU
		{E2BCB416-9195-4D71-826E-9CD2F00CE264}.Debug|Any CPU.ActiveCfg = Debug|Any CPU
		{E2BCB416-9195-4D71-826E-9CD2F00CE264}.Debug|Any CPU.Build.0 = Debug|Any CPU
		{E2BCB416-9195-4D71-826E-9CD2F00CE264}.Release|Any CPU.ActiveCfg = Release|Any CPU
		{E2BCB416-9195-4D71-826E-9CD2F00CE264}.Release|Any CPU.Build.0 = Release|Any CPU
	EndGlobalSection
	GlobalSection(SolutionProperties) = preSolution
		HideSolutionNode = FALSE
	EndGlobalSection
	GlobalSection(ExtensibilityGlobals) = postSolution
		SolutionGuid = {D494FE7A-9E07-45A7-906F-59CCADEA6A4C}
	EndGlobalSection
EndGlobal
